
Microsoft Visual Studio Solution File, Format Version 12.00
# Visual Studio 14
VisualStudioVersion = 14.0.25420.1
MinimumVisualStudioVersion = 10.0.40219.1
Project("{FAE04EC0-301F-11D3-BF4B-00C04F79EFBC}") = "Web_Examen_03", "Web_Examen_03\Web_Examen_03.csproj", "{ED8C8060-9E81-4896-AD5F-5C890E819807}"
EndProject
Project("{2150E333-8FDC-42A3-9474-1A3956D46DE8}") = "Dominio", "Dominio", "{BD429C56-5A39-442B-8A8A-6B64296D35E1}"
EndProject
Project("{2150E333-8FDC-42A3-9474-1A3956D46DE8}") = "Infraestructura", "Infraestructura", "{C81205E4-6147-4969-9780-4F2412E7842E}"
EndProject
Project("{2150E333-8FDC-42A3-9474-1A3956D46DE8}") = "Presentacion", "Presentacion", "{3AA0D5E9-223D-4710-8C0C-1E30DD1FAF5A}"
EndProject
Project("{2150E333-8FDC-42A3-9474-1A3956D46DE8}") = "Entidades", "Entidades", "{B223CEC8-D981-44A1-BB12-06CC7942996A}"
EndProject
Project("{2150E333-8FDC-42A3-9474-1A3956D46DE8}") = "Repositorio", "Repositorio", "{300F7772-A055-4FEE-B43D-DF956CBB595C}"
EndProject
Project("{2150E333-8FDC-42A3-9474-1A3956D46DE8}") = "Data", "Data", "{0323CB2E-2980-4A17-879B-5240578FA3D0}"
EndProject
Project("{2150E333-8FDC-42A3-9474-1A3956D46DE8}") = "Web", "Web", "{9005F107-2398-4C66-8FEE-9AB160515646}"
EndProject
Project("{FAE04EC0-301F-11D3-BF4B-00C04F79EFBC}") = "Dominio.Entidades", "Dominio.Entidades\Dominio.Entidades.csproj", "{AF148F90-0892-4163-B17F-FEBA473EF7A8}"
EndProject
Project("{FAE04EC0-301F-11D3-BF4B-00C04F79EFBC}") = "Dominio.Repositorio", "Dominio.Repositorio\Dominio.Repositorio.csproj", "{31A2E996-18D7-4D8D-99D8-D82C2AF0789E}"
EndProject
Project("{FAE04EC0-301F-11D3-BF4B-00C04F79EFBC}") = "Infraestructura.Data.Sql", "Infraestructura.Data.Sql\Infraestructura.Data.Sql.csproj", "{9C8CAB13-D586-40EC-81CC-17733135D47D}"
EndProject
Global
	GlobalSection(SolutionConfigurationPlatforms) = preSolution
		Debug|Any CPU = Debug|Any CPU
		Release|Any CPU = Release|Any CPU
	EndGlobalSection
	GlobalSection(ProjectConfigurationPlatforms) = postSolution
		{ED8C8060-9E81-4896-AD5F-5C890E819807}.Debug|Any CPU.ActiveCfg = Debug|Any CPU
		{ED8C8060-9E81-4896-AD5F-5C890E819807}.Debug|Any CPU.Build.0 = Debug|Any CPU
		{ED8C8060-9E81-4896-AD5F-5C890E819807}.Release|Any CPU.ActiveCfg = Release|Any CPU
		{ED8C8060-9E81-4896-AD5F-5C890E819807}.Release|Any CPU.Build.0 = Release|Any CPU
		{AF148F90-0892-4163-B17F-FEBA473EF7A8}.Debug|Any CPU.ActiveCfg = Debug|Any CPU
		{AF148F90-0892-4163-B17F-FEBA473EF7A8}.Debug|Any CPU.Build.0 = Debug|Any CPU
		{AF148F90-0892-4163-B17F-FEBA473EF7A8}.Release|Any CPU.ActiveCfg = Release|Any CPU
		{AF148F90-0892-4163-B17F-FEBA473EF7A8}.Release|Any CPU.Build.0 = Release|Any CPU
		{31A2E996-18D7-4D8D-99D8-D82C2AF0789E}.Debug|Any CPU.ActiveCfg = Debug|Any CPU
		{31A2E996-18D7-4D8D-99D8-D82C2AF0789E}.Debug|Any CPU.Build.0 = Debug|Any CPU
		{31A2E996-18D7-4D8D-99D8-D82C2AF0789E}.Release|Any CPU.ActiveCfg = Release|Any CPU
		{31A2E996-18D7-4D8D-99D8-D82C2AF0789E}.Release|Any CPU.Build.0 = Release|Any CPU
		{9C8CAB13-D586-40EC-81CC-17733135D47D}.Debug|Any CPU.ActiveCfg = Debug|Any CPU
		{9C8CAB13-D586-40EC-81CC-17733135D47D}.Debug|Any CPU.Build.0 = Debug|Any CPU
		{9C8CAB13-D586-40EC-81CC-17733135D47D}.Release|Any CPU.ActiveCfg = Release|Any CPU
		{9C8CAB13-D586-40EC-81CC-17733135D47D}.Release|Any CPU.Build.0 = Release|Any CPU
	EndGlobalSection
	GlobalSection(SolutionProperties) = preSolution
		HideSolutionNode = FALSE
	EndGlobalSection
	GlobalSection(NestedProjects) = preSolution
		{ED8C8060-9E81-4896-AD5F-5C890E819807} = {9005F107-2398-4C66-8FEE-9AB160515646}
		{B223CEC8-D981-44A1-BB12-06CC7942996A} = {BD429C56-5A39-442B-8A8A-6B64296D35E1}
		{300F7772-A055-4FEE-B43D-DF956CBB595C} = {BD429C56-5A39-442B-8A8A-6B64296D35E1}
		{0323CB2E-2980-4A17-879B-5240578FA3D0} = {C81205E4-6147-4969-9780-4F2412E7842E}
		{9005F107-2398-4C66-8FEE-9AB160515646} = {3AA0D5E9-223D-4710-8C0C-1E30DD1FAF5A}
		{AF148F90-0892-4163-B17F-FEBA473EF7A8} = {B223CEC8-D981-44A1-BB12-06CC7942996A}
		{31A2E996-18D7-4D8D-99D8-D82C2AF0789E} = {300F7772-A055-4FEE-B43D-DF956CBB595C}
		{9C8CAB13-D586-40EC-81CC-17733135D47D} = {0323CB2E-2980-4A17-879B-5240578FA3D0}
	EndGlobalSection
EndGlobal
